
Microsoft Visual Studio Solution File, Format Version 12.00
# Visual Studio Version 17
VisualStudioVersion = 17.10.35027.167
MinimumVisualStudioVersion = 10.0.40219.1
Project("{FAE04EC0-301F-11D3-BF4B-00C04F79EFBC}") = "questions-service", "questions-service\questions-service.csproj", "{E8B67A09-42CD-4692-A7C1-034BF92DB36B}"
EndProject
Global
	GlobalSection(SolutionConfigurationPlatforms) = preSolution
		Debug|Any CPU = Debug|Any CPU
		Release|Any CPU = Release|Any CPU
	EndGlobalSection
	GlobalSection(ProjectConfigurationPlatforms) = postSolution
		{E8B67A09-42CD-4692-A7C1-034BF92DB36B}.Debug|Any CPU.ActiveCfg = Debug|Any CPU
		{E8B67A09-42CD-4692-A7C1-034BF92DB36B}.Debug|Any CPU.Build.0 = Debug|Any CPU
		{E8B67A09-42CD-4692-A7C1-034BF92DB36B}.Release|Any CPU.ActiveCfg = Release|Any CPU
		{E8B67A09-42CD-4692-A7C1-034BF92DB36B}.Release|Any CPU.Build.0 = Release|Any CPU
	EndGlobalSection
	GlobalSection(SolutionProperties) = preSolution
		HideSolutionNode = FALSE
	EndGlobalSection
	GlobalSection(ExtensibilityGlobals) = postSolution
		SolutionGuid = {1A0A4B66-708A-4E2C-9281-AE492A8B1264}
	EndGlobalSection
EndGlobal
